// !$*UTF8*$!
{
	archiveVersion = 1;
	classes = {
	};
	objectVersion = 55;
	objects = {

/* Begin PBXBuildFile section */
		B947CCA12731D199008E0479 /* virus.json in Resources */ = {isa = PBXBuildFile; fileRef = B947CCA02731D199008E0479 /* virus.json */; };
		B9741EDE273569C200667307 /* Constants.swift in Sources */ = {isa = PBXBuildFile; fileRef = B9741EDD273569C200667307 /* Constants.swift */; };
		B974AE8227332475002D3536 /* CountryDetail.storyboard in Resources */ = {isa = PBXBuildFile; fileRef = B974AE7B27332475002D3536 /* CountryDetail.storyboard */; };
		B974AE8327332475002D3536 /* CountryDetailViewController.swift in Sources */ = {isa = PBXBuildFile; fileRef = B974AE7C27332475002D3536 /* CountryDetailViewController.swift */; };
		B974AE8427332475002D3536 /* CountryDetailPresenter.swift in Sources */ = {isa = PBXBuildFile; fileRef = B974AE7D27332475002D3536 /* CountryDetailPresenter.swift */; };
		B974AE8527332475002D3536 /* CountryDetailInteractor.swift in Sources */ = {isa = PBXBuildFile; fileRef = B974AE7E27332475002D3536 /* CountryDetailInteractor.swift */; };
		B974AE8627332475002D3536 /* CountryDetailModels.swift in Sources */ = {isa = PBXBuildFile; fileRef = B974AE7F27332475002D3536 /* CountryDetailModels.swift */; };
		B974AE8727332475002D3536 /* CountryDetailWorker.swift in Sources */ = {isa = PBXBuildFile; fileRef = B974AE8027332475002D3536 /* CountryDetailWorker.swift */; };
		B974AE8827332475002D3536 /* CountryDetailRouter.swift in Sources */ = {isa = PBXBuildFile; fileRef = B974AE8127332475002D3536 /* CountryDetailRouter.swift */; };
		B974AE90273324BA002D3536 /* CountryList.storyboard in Resources */ = {isa = PBXBuildFile; fileRef = B974AE89273324BA002D3536 /* CountryList.storyboard */; };
		B974AE91273324BA002D3536 /* CountryListViewController.swift in Sources */ = {isa = PBXBuildFile; fileRef = B974AE8A273324BA002D3536 /* CountryListViewController.swift */; };
		B974AE92273324BA002D3536 /* CountryListPresenter.swift in Sources */ = {isa = PBXBuildFile; fileRef = B974AE8B273324BA002D3536 /* CountryListPresenter.swift */; };
		B974AE93273324BA002D3536 /* CountryListInteractor.swift in Sources */ = {isa = PBXBuildFile; fileRef = B974AE8C273324BA002D3536 /* CountryListInteractor.swift */; };
		B974AE94273324BA002D3536 /* CountryListModels.swift in Sources */ = {isa = PBXBuildFile; fileRef = B974AE8D273324BA002D3536 /* CountryListModels.swift */; };
		B974AE95273324BA002D3536 /* CountryListWorker.swift in Sources */ = {isa = PBXBuildFile; fileRef = B974AE8E273324BA002D3536 /* CountryListWorker.swift */; };
		B974AE96273324BA002D3536 /* CountryListRouter.swift in Sources */ = {isa = PBXBuildFile; fileRef = B974AE8F273324BA002D3536 /* CountryListRouter.swift */; };
		B974AE9927332828002D3536 /* CountryListResponse.swift in Sources */ = {isa = PBXBuildFile; fileRef = B974AE9827332828002D3536 /* CountryListResponse.swift */; };
		B9795E6A2731C41300FCD288 /* AppDelegate.swift in Sources */ = {isa = PBXBuildFile; fileRef = B9795E692731C41300FCD288 /* AppDelegate.swift */; };
		B9795E6C2731C41300FCD288 /* SceneDelegate.swift in Sources */ = {isa = PBXBuildFile; fileRef = B9795E6B2731C41300FCD288 /* SceneDelegate.swift */; };
		B9795E762731C41300FCD288 /* LaunchScreen.storyboard in Resources */ = {isa = PBXBuildFile; fileRef = B9795E742731C41300FCD288 /* LaunchScreen.storyboard */; };
		B9795E812731C41300FCD288 /* covid19Tests.swift in Sources */ = {isa = PBXBuildFile; fileRef = B9795E802731C41300FCD288 /* covid19Tests.swift */; };
		B9795E8B2731C41400FCD288 /* covid19UITests.swift in Sources */ = {isa = PBXBuildFile; fileRef = B9795E8A2731C41400FCD288 /* covid19UITests.swift */; };
		B9795E8D2731C41400FCD288 /* covid19UITestsLaunchTests.swift in Sources */ = {isa = PBXBuildFile; fileRef = B9795E8C2731C41400FCD288 /* covid19UITestsLaunchTests.swift */; };
		B9795E9B2731C68100FCD288 /* Lottie in Frameworks */ = {isa = PBXBuildFile; productRef = B9795E9A2731C68100FCD288 /* Lottie */; };
		B9C0E19C2732BE0400E397B5 /* Alamofire in Frameworks */ = {isa = PBXBuildFile; productRef = B9C0E19B2732BE0400E397B5 /* Alamofire */; };
		B9D43FE92733FEA6008129B8 /* CountryTableViewCell.swift in Sources */ = {isa = PBXBuildFile; fileRef = B9D43FE82733FEA6008129B8 /* CountryTableViewCell.swift */; };
		B9D43FEB2733FEC5008129B8 /* CountryTableViewCell.xib in Resources */ = {isa = PBXBuildFile; fileRef = B9D43FEA2733FEC5008129B8 /* CountryTableViewCell.xib */; };
		B9D43FEE27340591008129B8 /* SDWebImage in Frameworks */ = {isa = PBXBuildFile; productRef = B9D43FED27340591008129B8 /* SDWebImage */; };
		B9D43FF127346514008129B8 /* Extensions.swift in Sources */ = {isa = PBXBuildFile; fileRef = B9D43FF027346514008129B8 /* Extensions.swift */; };
		B9D43FF5273478EC008129B8 /* CountryDetailResponse.swift in Sources */ = {isa = PBXBuildFile; fileRef = B9D43FF4273478EC008129B8 /* CountryDetailResponse.swift */; };
		B9D43FF827347E21008129B8 /* CountryDetailTableViewCell.swift in Sources */ = {isa = PBXBuildFile; fileRef = B9D43FF727347E21008129B8 /* CountryDetailTableViewCell.swift */; };
		B9D43FFA27347E31008129B8 /* CountryDetailTableViewCell.xib in Resources */ = {isa = PBXBuildFile; fileRef = B9D43FF927347E31008129B8 /* CountryDetailTableViewCell.xib */; };
		B9FA01952738699500284F70 /* Assets.xcassets in Resources */ = {isa = PBXBuildFile; fileRef = B9FA01942738699500284F70 /* Assets.xcassets */; };
		B9FE4DAD2731D5E900BD8C1F /* WelcomePresenter.swift in Sources */ = {isa = PBXBuildFile; fileRef = B9FE4DA72731D5E900BD8C1F /* WelcomePresenter.swift */; };
		B9FE4DAE2731D5E900BD8C1F /* WelcomeWorker.swift in Sources */ = {isa = PBXBuildFile; fileRef = B9FE4DA82731D5E900BD8C1F /* WelcomeWorker.swift */; };
		B9FE4DAF2731D5E900BD8C1F /* WelcomeRouter.swift in Sources */ = {isa = PBXBuildFile; fileRef = B9FE4DA92731D5E900BD8C1F /* WelcomeRouter.swift */; };
		B9FE4DB02731D5E900BD8C1F /* WelcomeModels.swift in Sources */ = {isa = PBXBuildFile; fileRef = B9FE4DAA2731D5E900BD8C1F /* WelcomeModels.swift */; };
		B9FE4DB12731D5E900BD8C1F /* WelcomeViewController.swift in Sources */ = {isa = PBXBuildFile; fileRef = B9FE4DAB2731D5E900BD8C1F /* WelcomeViewController.swift */; };
		B9FE4DB22731D5E900BD8C1F /* WelcomeInteractor.swift in Sources */ = {isa = PBXBuildFile; fileRef = B9FE4DAC2731D5E900BD8C1F /* WelcomeInteractor.swift */; };
		B9FE4DB42731D60F00BD8C1F /* Welcome.storyboard in Resources */ = {isa = PBXBuildFile; fileRef = B9FE4DB32731D60F00BD8C1F /* Welcome.storyboard */; };
/* End PBXBuildFile section */

/* Begin PBXContainerItemProxy section */
		B9795E7D2731C41300FCD288 /* PBXContainerItemProxy */ = {
			isa = PBXContainerItemProxy;
			containerPortal = B9795E5E2731C41300FCD288 /* Project object */;
			proxyType = 1;
			remoteGlobalIDString = B9795E652731C41300FCD288;
			remoteInfo = covid19;
		};
		B9795E872731C41400FCD288 /* PBXContainerItemProxy */ = {
			isa = PBXContainerItemProxy;
			containerPortal = B9795E5E2731C41300FCD288 /* Project object */;
			proxyType = 1;
			remoteGlobalIDString = B9795E652731C41300FCD288;
			remoteInfo = covid19;
		};
/* End PBXContainerItemProxy section */

/* Begin PBXFileReference section */
		B947CCA02731D199008E0479 /* virus.json */ = {isa = PBXFileReference; fileEncoding = 4; lastKnownFileType = text.json; path = virus.json; sourceTree = "<group>"; };
		B9741EDD273569C200667307 /* Constants.swift */ = {isa = PBXFileReference; lastKnownFileType = sourcecode.swift; path = Constants.swift; sourceTree = "<group>"; };
		B974AE7B27332475002D3536 /* CountryDetail.storyboard */ = {isa = PBXFileReference; lastKnownFileType = file.storyboard; path = CountryDetail.storyboard; sourceTree = "<group>"; };
		B974AE7C27332475002D3536 /* CountryDetailViewController.swift */ = {isa = PBXFileReference; lastKnownFileType = sourcecode.swift; path = CountryDetailViewController.swift; sourceTree = "<group>"; };
		B974AE7D27332475002D3536 /* CountryDetailPresenter.swift */ = {isa = PBXFileReference; lastKnownFileType = sourcecode.swift; path = CountryDetailPresenter.swift; sourceTree = "<group>"; };
		B974AE7E27332475002D3536 /* CountryDetailInteractor.swift */ = {isa = PBXFileReference; lastKnownFileType = sourcecode.swift; path = CountryDetailInteractor.swift; sourceTree = "<group>"; };
		B974AE7F27332475002D3536 /* CountryDetailModels.swift */ = {isa = PBXFileReference; lastKnownFileType = sourcecode.swift; path = CountryDetailModels.swift; sourceTree = "<group>"; };
		B974AE8027332475002D3536 /* CountryDetailWorker.swift */ = {isa = PBXFileReference; lastKnownFileType = sourcecode.swift; path = CountryDetailWorker.swift; sourceTree = "<group>"; };
		B974AE8127332475002D3536 /* CountryDetailRouter.swift */ = {isa = PBXFileReference; lastKnownFileType = sourcecode.swift; path = CountryDetailRouter.swift; sourceTree = "<group>"; };
		B974AE89273324BA002D3536 /* CountryList.storyboard */ = {isa = PBXFileReference; lastKnownFileType = file.storyboard; path = CountryList.storyboard; sourceTree = "<group>"; };
		B974AE8A273324BA002D3536 /* CountryListViewController.swift */ = {isa = PBXFileReference; lastKnownFileType = sourcecode.swift; path = CountryListViewController.swift; sourceTree = "<group>"; };
		B974AE8B273324BA002D3536 /* CountryListPresenter.swift */ = {isa = PBXFileReference; lastKnownFileType = sourcecode.swift; path = CountryListPresenter.swift; sourceTree = "<group>"; };
		B974AE8C273324BA002D3536 /* CountryListInteractor.swift */ = {isa = PBXFileReference; lastKnownFileType = sourcecode.swift; path = CountryListInteractor.swift; sourceTree = "<group>"; };
		B974AE8D273324BA002D3536 /* CountryListModels.swift */ = {isa = PBXFileReference; lastKnownFileType = sourcecode.swift; path = CountryListModels.swift; sourceTree = "<group>"; };
		B974AE8E273324BA002D3536 /* CountryListWorker.swift */ = {isa = PBXFileReference; lastKnownFileType = sourcecode.swift; path = CountryListWorker.swift; sourceTree = "<group>"; };
		B974AE8F273324BA002D3536 /* CountryListRouter.swift */ = {isa = PBXFileReference; lastKnownFileType = sourcecode.swift; path = CountryListRouter.swift; sourceTree = "<group>"; };
		B974AE9827332828002D3536 /* CountryListResponse.swift */ = {isa = PBXFileReference; lastKnownFileType = sourcecode.swift; path = CountryListResponse.swift; sourceTree = "<group>"; };
		B9795E662731C41300FCD288 /* covid19.app */ = {isa = PBXFileReference; explicitFileType = wrapper.application; includeInIndex = 0; path = covid19.app; sourceTree = BUILT_PRODUCTS_DIR; };
		B9795E692731C41300FCD288 /* AppDelegate.swift */ = {isa = PBXFileReference; lastKnownFileType = sourcecode.swift; path = AppDelegate.swift; sourceTree = "<group>"; };
		B9795E6B2731C41300FCD288 /* SceneDelegate.swift */ = {isa = PBXFileReference; lastKnownFileType = sourcecode.swift; path = SceneDelegate.swift; sourceTree = "<group>"; };
		B9795E752731C41300FCD288 /* Base */ = {isa = PBXFileReference; lastKnownFileType = file.storyboard; name = Base; path = Base.lproj/LaunchScreen.storyboard; sourceTree = "<group>"; };
		B9795E772731C41300FCD288 /* Info.plist */ = {isa = PBXFileReference; lastKnownFileType = text.plist.xml; path = Info.plist; sourceTree = "<group>"; };
		B9795E7C2731C41300FCD288 /* covid19Tests.xctest */ = {isa = PBXFileReference; explicitFileType = wrapper.cfbundle; includeInIndex = 0; path = covid19Tests.xctest; sourceTree = BUILT_PRODUCTS_DIR; };
		B9795E802731C41300FCD288 /* covid19Tests.swift */ = {isa = PBXFileReference; lastKnownFileType = sourcecode.swift; path = covid19Tests.swift; sourceTree = "<group>"; };
		B9795E862731C41400FCD288 /* covid19UITests.xctest */ = {isa = PBXFileReference; explicitFileType = wrapper.cfbundle; includeInIndex = 0; path = covid19UITests.xctest; sourceTree = BUILT_PRODUCTS_DIR; };
		B9795E8A2731C41400FCD288 /* covid19UITests.swift */ = {isa = PBXFileReference; lastKnownFileType = sourcecode.swift; path = covid19UITests.swift; sourceTree = "<group>"; };
		B9795E8C2731C41400FCD288 /* covid19UITestsLaunchTests.swift */ = {isa = PBXFileReference; lastKnownFileType = sourcecode.swift; path = covid19UITestsLaunchTests.swift; sourceTree = "<group>"; };
		B9D43FE82733FEA6008129B8 /* CountryTableViewCell.swift */ = {isa = PBXFileReference; lastKnownFileType = sourcecode.swift; path = CountryTableViewCell.swift; sourceTree = "<group>"; };
		B9D43FEA2733FEC5008129B8 /* CountryTableViewCell.xib */ = {isa = PBXFileReference; lastKnownFileType = file.xib; path = CountryTableViewCell.xib; sourceTree = "<group>"; };
		B9D43FF027346514008129B8 /* Extensions.swift */ = {isa = PBXFileReference; lastKnownFileType = sourcecode.swift; path = Extensions.swift; sourceTree = "<group>"; };
		B9D43FF4273478EC008129B8 /* CountryDetailResponse.swift */ = {isa = PBXFileReference; lastKnownFileType = sourcecode.swift; path = CountryDetailResponse.swift; sourceTree = "<group>"; };
		B9D43FF727347E21008129B8 /* CountryDetailTableViewCell.swift */ = {isa = PBXFileReference; lastKnownFileType = sourcecode.swift; path = CountryDetailTableViewCell.swift; sourceTree = "<group>"; };
		B9D43FF927347E31008129B8 /* CountryDetailTableViewCell.xib */ = {isa = PBXFileReference; lastKnownFileType = file.xib; path = CountryDetailTableViewCell.xib; sourceTree = "<group>"; };
		B9FA01942738699500284F70 /* Assets.xcassets */ = {isa = PBXFileReference; lastKnownFileType = folder.assetcatalog; path = Assets.xcassets; sourceTree = "<group>"; };
		B9FE4DA72731D5E900BD8C1F /* WelcomePresenter.swift */ = {isa = PBXFileReference; lastKnownFileType = sourcecode.swift; path = WelcomePresenter.swift; sourceTree = "<group>"; };
		B9FE4DA82731D5E900BD8C1F /* WelcomeWorker.swift */ = {isa = PBXFileReference; lastKnownFileType = sourcecode.swift; path = WelcomeWorker.swift; sourceTree = "<group>"; };
		B9FE4DA92731D5E900BD8C1F /* WelcomeRouter.swift */ = {isa = PBXFileReference; lastKnownFileType = sourcecode.swift; path = WelcomeRouter.swift; sourceTree = "<group>"; };
		B9FE4DAA2731D5E900BD8C1F /* WelcomeModels.swift */ = {isa = PBXFileReference; lastKnownFileType = sourcecode.swift; path = WelcomeModels.swift; sourceTree = "<group>"; };
		B9FE4DAB2731D5E900BD8C1F /* WelcomeViewController.swift */ = {isa = PBXFileReference; lastKnownFileType = sourcecode.swift; path = WelcomeViewController.swift; sourceTree = "<group>"; };
		B9FE4DAC2731D5E900BD8C1F /* WelcomeInteractor.swift */ = {isa = PBXFileReference; lastKnownFileType = sourcecode.swift; path = WelcomeInteractor.swift; sourceTree = "<group>"; };
		B9FE4DB32731D60F00BD8C1F /* Welcome.storyboard */ = {isa = PBXFileReference; lastKnownFileType = file.storyboard; path = Welcome.storyboard; sourceTree = "<group>"; };
/* End PBXFileReference section */

/* Begin PBXFrameworksBuildPhase section */
		B9795E632731C41300FCD288 /* Frameworks */ = {
			isa = PBXFrameworksBuildPhase;
			buildActionMask = 2147483647;
			files = (
				B9D43FEE27340591008129B8 /* SDWebImage in Frameworks */,
				B9795E9B2731C68100FCD288 /* Lottie in Frameworks */,
				B9C0E19C2732BE0400E397B5 /* Alamofire in Frameworks */,
			);
			runOnlyForDeploymentPostprocessing = 0;
		};
		B9795E792731C41300FCD288 /* Frameworks */ = {
			isa = PBXFrameworksBuildPhase;
			buildActionMask = 2147483647;
			files = (
			);
			runOnlyForDeploymentPostprocessing = 0;
		};
		B9795E832731C41400FCD288 /* Frameworks */ = {
			isa = PBXFrameworksBuildPhase;
			buildActionMask = 2147483647;
			files = (
			);
			runOnlyForDeploymentPostprocessing = 0;
		};
/* End PBXFrameworksBuildPhase section */

/* Begin PBXGroup section */
		B974AE97273327E3002D3536 /* Responses */ = {
			isa = PBXGroup;
			children = (
				B974AE9827332828002D3536 /* CountryListResponse.swift */,
				B9D43FF4273478EC008129B8 /* CountryDetailResponse.swift */,
			);
			path = Responses;
			sourceTree = "<group>";
		};
		B9795E5D2731C41300FCD288 = {
			isa = PBXGroup;
			children = (
				B9795E682731C41300FCD288 /* covid19 */,
				B9795E7F2731C41300FCD288 /* covid19Tests */,
				B9795E892731C41400FCD288 /* covid19UITests */,
				B9795E672731C41300FCD288 /* Products */,
			);
			sourceTree = "<group>";
		};
		B9795E672731C41300FCD288 /* Products */ = {
			isa = PBXGroup;
			children = (
				B9795E662731C41300FCD288 /* covid19.app */,
				B9795E7C2731C41300FCD288 /* covid19Tests.xctest */,
				B9795E862731C41400FCD288 /* covid19UITests.xctest */,
			);
			name = Products;
			sourceTree = "<group>";
		};
		B9795E682731C41300FCD288 /* covid19 */ = {
			isa = PBXGroup;
			children = (
				B974AE97273327E3002D3536 /* Responses */,
				B9795E9C2731CA0500FCD288 /* Scenes */,
				B9795E692731C41300FCD288 /* AppDelegate.swift */,
				B9D43FF027346514008129B8 /* Extensions.swift */,
				B9741EDD273569C200667307 /* Constants.swift */,
				B9795E6B2731C41300FCD288 /* SceneDelegate.swift */,
				B9FA01942738699500284F70 /* Assets.xcassets */,
				B947CCA02731D199008E0479 /* virus.json */,
				B9795E742731C41300FCD288 /* LaunchScreen.storyboard */,
				B9795E772731C41300FCD288 /* Info.plist */,
			);
			path = covid19;
			sourceTree = "<group>";
		};
		B9795E7F2731C41300FCD288 /* covid19Tests */ = {
			isa = PBXGroup;
			children = (
				B9795E802731C41300FCD288 /* covid19Tests.swift */,
			);
			path = covid19Tests;
			sourceTree = "<group>";
		};
		B9795E892731C41400FCD288 /* covid19UITests */ = {
			isa = PBXGroup;
			children = (
				B9795E8A2731C41400FCD288 /* covid19UITests.swift */,
				B9795E8C2731C41400FCD288 /* covid19UITestsLaunchTests.swift */,
			);
			path = covid19UITests;
			sourceTree = "<group>";
		};
		B9795E9C2731CA0500FCD288 /* Scenes */ = {
			isa = PBXGroup;
			children = (
				B9FE4DA62731D5D700BD8C1F /* Welcome */,
				B9795E9D2731CA5A00FCD288 /* CountryList */,
				B9795EAC2731CC2B00FCD288 /* CountryDetail */,
			);
			path = Scenes;
			sourceTree = "<group>";
		};
		B9795E9D2731CA5A00FCD288 /* CountryList */ = {
			isa = PBXGroup;
			children = (
				B9D43FE72733FE26008129B8 /* TableView */,
				B974AE89273324BA002D3536 /* CountryList.storyboard */,
				B974AE8A273324BA002D3536 /* CountryListViewController.swift */,
				B974AE8B273324BA002D3536 /* CountryListPresenter.swift */,
				B974AE8C273324BA002D3536 /* CountryListInteractor.swift */,
				B974AE8D273324BA002D3536 /* CountryListModels.swift */,
				B974AE8E273324BA002D3536 /* CountryListWorker.swift */,
				B974AE8F273324BA002D3536 /* CountryListRouter.swift */,
			);
			path = CountryList;
			sourceTree = "<group>";
		};
		B9795EAC2731CC2B00FCD288 /* CountryDetail */ = {
			isa = PBXGroup;
			children = (
				B9D43FF627347E07008129B8 /* TableView */,
				B974AE7B27332475002D3536 /* CountryDetail.storyboard */,
				B974AE7C27332475002D3536 /* CountryDetailViewController.swift */,
				B974AE7D27332475002D3536 /* CountryDetailPresenter.swift */,
				B974AE7E27332475002D3536 /* CountryDetailInteractor.swift */,
				B974AE7F27332475002D3536 /* CountryDetailModels.swift */,
				B974AE8027332475002D3536 /* CountryDetailWorker.swift */,
				B974AE8127332475002D3536 /* CountryDetailRouter.swift */,
			);
			path = CountryDetail;
			sourceTree = "<group>";
		};
		B9D43FE72733FE26008129B8 /* TableView */ = {
			isa = PBXGroup;
			children = (
				B9D43FE82733FEA6008129B8 /* CountryTableViewCell.swift */,
				B9D43FEA2733FEC5008129B8 /* CountryTableViewCell.xib */,
			);
			path = TableView;
			sourceTree = "<group>";
		};
		B9D43FF627347E07008129B8 /* TableView */ = {
			isa = PBXGroup;
			children = (
				B9D43FF727347E21008129B8 /* CountryDetailTableViewCell.swift */,
				B9D43FF927347E31008129B8 /* CountryDetailTableViewCell.xib */,
			);
			path = TableView;
			sourceTree = "<group>";
		};
		B9FE4DA62731D5D700BD8C1F /* Welcome */ = {
			isa = PBXGroup;
			children = (
				B9FE4DA72731D5E900BD8C1F /* WelcomePresenter.swift */,
				B9FE4DA82731D5E900BD8C1F /* WelcomeWorker.swift */,
				B9FE4DA92731D5E900BD8C1F /* WelcomeRouter.swift */,
				B9FE4DAA2731D5E900BD8C1F /* WelcomeModels.swift */,
				B9FE4DAB2731D5E900BD8C1F /* WelcomeViewController.swift */,
				B9FE4DAC2731D5E900BD8C1F /* WelcomeInteractor.swift */,
				B9FE4DB32731D60F00BD8C1F /* Welcome.storyboard */,
			);
			path = Welcome;
			sourceTree = "<group>";
		};
/* End PBXGroup section */

/* Begin PBXNativeTarget section */
		B9795E652731C41300FCD288 /* covid19 */ = {
			isa = PBXNativeTarget;
			buildConfigurationList = B9795E902731C41400FCD288 /* Build configuration list for PBXNativeTarget "covid19" */;
			buildPhases = (
				B9795E622731C41300FCD288 /* Sources */,
				B9795E632731C41300FCD288 /* Frameworks */,
				B9795E642731C41300FCD288 /* Resources */,
			);
			buildRules = (
			);
			dependencies = (
			);
			name = covid19;
			packageProductDependencies = (
				B9795E9A2731C68100FCD288 /* Lottie */,
				B9C0E19B2732BE0400E397B5 /* Alamofire */,
				B9D43FED27340591008129B8 /* SDWebImage */,
			);
			productName = covid19;
			productReference = B9795E662731C41300FCD288 /* covid19.app */;
			productType = "com.apple.product-type.application";
		};
		B9795E7B2731C41300FCD288 /* covid19Tests */ = {
			isa = PBXNativeTarget;
			buildConfigurationList = B9795E932731C41400FCD288 /* Build configuration list for PBXNativeTarget "covid19Tests" */;
			buildPhases = (
				B9795E782731C41300FCD288 /* Sources */,
				B9795E792731C41300FCD288 /* Frameworks */,
				B9795E7A2731C41300FCD288 /* Resources */,
			);
			buildRules = (
			);
			dependencies = (
				B9795E7E2731C41300FCD288 /* PBXTargetDependency */,
			);
			name = covid19Tests;
			productName = covid19Tests;
			productReference = B9795E7C2731C41300FCD288 /* covid19Tests.xctest */;
			productType = "com.apple.product-type.bundle.unit-test";
		};
		B9795E852731C41400FCD288 /* covid19UITests */ = {
			isa = PBXNativeTarget;
			buildConfigurationList = B9795E962731C41400FCD288 /* Build configuration list for PBXNativeTarget "covid19UITests" */;
			buildPhases = (
				B9795E822731C41400FCD288 /* Sources */,
				B9795E832731C41400FCD288 /* Frameworks */,
				B9795E842731C41400FCD288 /* Resources */,
			);
			buildRules = (
			);
			dependencies = (
				B9795E882731C41400FCD288 /* PBXTargetDependency */,
			);
			name = covid19UITests;
			productName = covid19UITests;
			productReference = B9795E862731C41400FCD288 /* covid19UITests.xctest */;
			productType = "com.apple.product-type.bundle.ui-testing";
		};
/* End PBXNativeTarget section */

/* Begin PBXProject section */
		B9795E5E2731C41300FCD288 /* Project object */ = {
			isa = PBXProject;
			attributes = {
				BuildIndependentTargetsInParallel = 1;
				LastSwiftUpdateCheck = 1310;
				LastUpgradeCheck = 1310;
				TargetAttributes = {
					B9795E652731C41300FCD288 = {
						CreatedOnToolsVersion = 13.1;
					};
					B9795E7B2731C41300FCD288 = {
						CreatedOnToolsVersion = 13.1;
						TestTargetID = B9795E652731C41300FCD288;
					};
					B9795E852731C41400FCD288 = {
						CreatedOnToolsVersion = 13.1;
						TestTargetID = B9795E652731C41300FCD288;
					};
				};
			};
			buildConfigurationList = B9795E612731C41300FCD288 /* Build configuration list for PBXProject "covid19" */;
			compatibilityVersion = "Xcode 13.0";
			developmentRegion = en;
			hasScannedForEncodings = 0;
			knownRegions = (
				en,
				Base,
			);
			mainGroup = B9795E5D2731C41300FCD288;
			packageReferences = (
				B9795E992731C68100FCD288 /* XCRemoteSwiftPackageReference "lottie-ios" */,
				B9C0E19A2732BE0400E397B5 /* XCRemoteSwiftPackageReference "Alamofire" */,
				B9D43FEC27340591008129B8 /* XCRemoteSwiftPackageReference "SDWebImage" */,
			);
			productRefGroup = B9795E672731C41300FCD288 /* Products */;
			projectDirPath = "";
			projectRoot = "";
			targets = (
				B9795E652731C41300FCD288 /* covid19 */,
				B9795E7B2731C41300FCD288 /* covid19Tests */,
				B9795E852731C41400FCD288 /* covid19UITests */,
			);
		};
/* End PBXProject section */

/* Begin PBXResourcesBuildPhase section */
		B9795E642731C41300FCD288 /* Resources */ = {
			isa = PBXResourcesBuildPhase;
			buildActionMask = 2147483647;
			files = (
				B9D43FEB2733FEC5008129B8 /* CountryTableViewCell.xib in Resources */,
				B9795E762731C41300FCD288 /* LaunchScreen.storyboard in Resources */,
				B947CCA12731D199008E0479 /* virus.json in Resources */,
				B974AE8227332475002D3536 /* CountryDetail.storyboard in Resources */,
				B9D43FFA27347E31008129B8 /* CountryDetailTableViewCell.xib in Resources */,
				B9FE4DB42731D60F00BD8C1F /* Welcome.storyboard in Resources */,
				B9FA01952738699500284F70 /* Assets.xcassets in Resources */,
				B974AE90273324BA002D3536 /* CountryList.storyboard in Resources */,
			);
			runOnlyForDeploymentPostprocessing = 0;
		};
		B9795E7A2731C41300FCD288 /* Resources */ = {
			isa = PBXResourcesBuildPhase;
			buildActionMask = 2147483647;
			files = (
			);
			runOnlyForDeploymentPostprocessing = 0;
		};
		B9795E842731C41400FCD288 /* Resources */ = {
			isa = PBXResourcesBuildPhase;
			buildActionMask = 2147483647;
			files = (
			);
			runOnlyForDeploymentPostprocessing = 0;
		};
/* End PBXResourcesBuildPhase section */

/* Begin PBXSourcesBuildPhase section */
		B9795E622731C41300FCD288 /* Sources */ = {
			isa = PBXSourcesBuildPhase;
			buildActionMask = 2147483647;
			files = (
				B974AE9927332828002D3536 /* CountryListResponse.swift in Sources */,
				B974AE93273324BA002D3536 /* CountryListInteractor.swift in Sources */,
				B9FE4DB12731D5E900BD8C1F /* WelcomeViewController.swift in Sources */,
				B9D43FF5273478EC008129B8 /* CountryDetailResponse.swift in Sources */,
				B9FE4DAD2731D5E900BD8C1F /* WelcomePresenter.swift in Sources */,
				B9D43FF827347E21008129B8 /* CountryDetailTableViewCell.swift in Sources */,
				B974AE8327332475002D3536 /* CountryDetailViewController.swift in Sources */,
				B9FE4DB22731D5E900BD8C1F /* WelcomeInteractor.swift in Sources */,
				B974AE94273324BA002D3536 /* CountryListModels.swift in Sources */,
				B974AE8427332475002D3536 /* CountryDetailPresenter.swift in Sources */,
				B9FE4DB02731D5E900BD8C1F /* WelcomeModels.swift in Sources */,
				B974AE96273324BA002D3536 /* CountryListRouter.swift in Sources */,
				B974AE8527332475002D3536 /* CountryDetailInteractor.swift in Sources */,
				B974AE8727332475002D3536 /* CountryDetailWorker.swift in Sources */,
				B974AE91273324BA002D3536 /* CountryListViewController.swift in Sources */,
				B974AE95273324BA002D3536 /* CountryListWorker.swift in Sources */,
				B974AE8827332475002D3536 /* CountryDetailRouter.swift in Sources */,
				B9FE4DAF2731D5E900BD8C1F /* WelcomeRouter.swift in Sources */,
				B9FE4DAE2731D5E900BD8C1F /* WelcomeWorker.swift in Sources */,
				B9795E6A2731C41300FCD288 /* AppDelegate.swift in Sources */,
				B974AE92273324BA002D3536 /* CountryListPresenter.swift in Sources */,
				B9D43FE92733FEA6008129B8 /* CountryTableViewCell.swift in Sources */,
				B9795E6C2731C41300FCD288 /* SceneDelegate.swift in Sources */,
				B974AE8627332475002D3536 /* CountryDetailModels.swift in Sources */,
				B9D43FF127346514008129B8 /* Extensions.swift in Sources */,
				B9741EDE273569C200667307 /* Constants.swift in Sources */,
			);
			runOnlyForDeploymentPostprocessing = 0;
		};
		B9795E782731C41300FCD288 /* Sources */ = {
			isa = PBXSourcesBuildPhase;
			buildActionMask = 2147483647;
			files = (
				B9795E812731C41300FCD288 /* covid19Tests.swift in Sources */,
			);
			runOnlyForDeploymentPostprocessing = 0;
		};
		B9795E822731C41400FCD288 /* Sources */ = {
			isa = PBXSourcesBuildPhase;
			buildActionMask = 2147483647;
			files = (
				B9795E8D2731C41400FCD288 /* covid19UITestsLaunchTests.swift in Sources */,
				B9795E8B2731C41400FCD288 /* covid19UITests.swift in Sources */,
			);
			runOnlyForDeploymentPostprocessing = 0;
		};
/* End PBXSourcesBuildPhase section */

/* Begin PBXTargetDependency section */
		B9795E7E2731C41300FCD288 /* PBXTargetDependency */ = {
			isa = PBXTargetDependency;
			target = B9795E652731C41300FCD288 /* covid19 */;
			targetProxy = B9795E7D2731C41300FCD288 /* PBXContainerItemProxy */;
		};
		B9795E882731C41400FCD288 /* PBXTargetDependency */ = {
			isa = PBXTargetDependency;
			target = B9795E652731C41300FCD288 /* covid19 */;
			targetProxy = B9795E872731C41400FCD288 /* PBXContainerItemProxy */;
		};
/* End PBXTargetDependency section */

/* Begin PBXVariantGroup section */
		B9795E742731C41300FCD288 /* LaunchScreen.storyboard */ = {
			isa = PBXVariantGroup;
			children = (
				B9795E752731C41300FCD288 /* Base */,
			);
			name = LaunchScreen.storyboard;
			sourceTree = "<group>";
		};
/* End PBXVariantGroup section */

/* Begin XCBuildConfiguration section */
		B9795E8E2731C41400FCD288 /* Debug */ = {
			isa = XCBuildConfiguration;
			buildSettings = {
				ALWAYS_SEARCH_USER_PATHS = NO;
				CLANG_ANALYZER_NONNULL = YES;
				CLANG_ANALYZER_NUMBER_OBJECT_CONVERSION = YES_AGGRESSIVE;
				CLANG_CXX_LANGUAGE_STANDARD = "gnu++17";
				CLANG_CXX_LIBRARY = "libc++";
				CLANG_ENABLE_MODULES = YES;
				CLANG_ENABLE_OBJC_ARC = YES;
				CLANG_ENABLE_OBJC_WEAK = YES;
				CLANG_WARN_BLOCK_CAPTURE_AUTORELEASING = YES;
				CLANG_WARN_BOOL_CONVERSION = YES;
				CLANG_WARN_COMMA = YES;
				CLANG_WARN_CONSTANT_CONVERSION = YES;
				CLANG_WARN_DEPRECATED_OBJC_IMPLEMENTATIONS = YES;
				CLANG_WARN_DIRECT_OBJC_ISA_USAGE = YES_ERROR;
				CLANG_WARN_DOCUMENTATION_COMMENTS = YES;
				CLANG_WARN_EMPTY_BODY = YES;
				CLANG_WARN_ENUM_CONVERSION = YES;
				CLANG_WARN_INFINITE_RECURSION = YES;
				CLANG_WARN_INT_CONVERSION = YES;
				CLANG_WARN_NON_LITERAL_NULL_CONVERSION = YES;
				CLANG_WARN_OBJC_IMPLICIT_RETAIN_SELF = YES;
				CLANG_WARN_OBJC_LITERAL_CONVERSION = YES;
				CLANG_WARN_OBJC_ROOT_CLASS = YES_ERROR;
				CLANG_WARN_QUOTED_INCLUDE_IN_FRAMEWORK_HEADER = YES;
				CLANG_WARN_RANGE_LOOP_ANALYSIS = YES;
				CLANG_WARN_STRICT_PROTOTYPES = YES;
				CLANG_WARN_SUSPICIOUS_MOVE = YES;
				CLANG_WARN_UNGUARDED_AVAILABILITY = YES_AGGRESSIVE;
				CLANG_WARN_UNREACHABLE_CODE = YES;
				CLANG_WARN__DUPLICATE_METHOD_MATCH = YES;
				COPY_PHASE_STRIP = NO;
				DEBUG_INFORMATION_FORMAT = dwarf;
				ENABLE_STRICT_OBJC_MSGSEND = YES;
				ENABLE_TESTABILITY = YES;
				GCC_C_LANGUAGE_STANDARD = gnu11;
				GCC_DYNAMIC_NO_PIC = NO;
				GCC_NO_COMMON_BLOCKS = YES;
				GCC_OPTIMIZATION_LEVEL = 0;
				GCC_PREPROCESSOR_DEFINITIONS = (
					"DEBUG=1",
					"$(inherited)",
				);
				GCC_WARN_64_TO_32_BIT_CONVERSION = YES;
				GCC_WARN_ABOUT_RETURN_TYPE = YES_ERROR;
				GCC_WARN_UNDECLARED_SELECTOR = YES;
				GCC_WARN_UNINITIALIZED_AUTOS = YES_AGGRESSIVE;
				GCC_WARN_UNUSED_FUNCTION = YES;
				GCC_WARN_UNUSED_VARIABLE = YES;
				IPHONEOS_DEPLOYMENT_TARGET = 13.0;
				MTL_ENABLE_DEBUG_INFO = INCLUDE_SOURCE;
				MTL_FAST_MATH = YES;
				ONLY_ACTIVE_ARCH = YES;
				SDKROOT = iphoneos;
				SWIFT_ACTIVE_COMPILATION_CONDITIONS = DEBUG;
				SWIFT_OPTIMIZATION_LEVEL = "-Onone";
			};
			name = Debug;
		};
		B9795E8F2731C41400FCD288 /* Release */ = {
			isa = XCBuildConfiguration;
			buildSettings = {
				ALWAYS_SEARCH_USER_PATHS = NO;
				CLANG_ANALYZER_NONNULL = YES;
				CLANG_ANALYZER_NUMBER_OBJECT_CONVERSION = YES_AGGRESSIVE;
				CLANG_CXX_LANGUAGE_STANDARD = "gnu++17";
				CLANG_CXX_LIBRARY = "libc++";
				CLANG_ENABLE_MODULES = YES;
				CLANG_ENABLE_OBJC_ARC = YES;
				CLANG_ENABLE_OBJC_WEAK = YES;
				CLANG_WARN_BLOCK_CAPTURE_AUTORELEASING = YES;
				CLANG_WARN_BOOL_CONVERSION = YES;
				CLANG_WARN_COMMA = YES;
				CLANG_WARN_CONSTANT_CONVERSION = YES;
				CLANG_WARN_DEPRECATED_OBJC_IMPLEMENTATIONS = YES;
				CLANG_WARN_DIRECT_OBJC_ISA_USAGE = YES_ERROR;
				CLANG_WARN_DOCUMENTATION_COMMENTS = YES;
				CLANG_WARN_EMPTY_BODY = YES;
				CLANG_WARN_ENUM_CONVERSION = YES;
				CLANG_WARN_INFINITE_RECURSION = YES;
				CLANG_WARN_INT_CONVERSION = YES;
				CLANG_WARN_NON_LITERAL_NULL_CONVERSION = YES;
				CLANG_WARN_OBJC_IMPLICIT_RETAIN_SELF = YES;
				CLANG_WARN_OBJC_LITERAL_CONVERSION = YES;
				CLANG_WARN_OBJC_ROOT_CLASS = YES_ERROR;
				CLANG_WARN_QUOTED_INCLUDE_IN_FRAMEWORK_HEADER = YES;
				CLANG_WARN_RANGE_LOOP_ANALYSIS = YES;
				CLANG_WARN_STRICT_PROTOTYPES = YES;
				CLANG_WARN_SUSPICIOUS_MOVE = YES;
				CLANG_WARN_UNGUARDED_AVAILABILITY = YES_AGGRESSIVE;
				CLANG_WARN_UNREACHABLE_CODE = YES;
				CLANG_WARN__DUPLICATE_METHOD_MATCH = YES;
				COPY_PHASE_STRIP = NO;
				DEBUG_INFORMATION_FORMAT = "dwarf-with-dsym";
				ENABLE_NS_ASSERTIONS = NO;
				ENABLE_STRICT_OBJC_MSGSEND = YES;
				GCC_C_LANGUAGE_STANDARD = gnu11;
				GCC_NO_COMMON_BLOCKS = YES;
				GCC_WARN_64_TO_32_BIT_CONVERSION = YES;
				GCC_WARN_ABOUT_RETURN_TYPE = YES_ERROR;
				GCC_WARN_UNDECLARED_SELECTOR = YES;
				GCC_WARN_UNINITIALIZED_AUTOS = YES_AGGRESSIVE;
				GCC_WARN_UNUSED_FUNCTION = YES;
				GCC_WARN_UNUSED_VARIABLE = YES;
				IPHONEOS_DEPLOYMENT_TARGET = 13.0;
				MTL_ENABLE_DEBUG_INFO = NO;
				MTL_FAST_MATH = YES;
				SDKROOT = iphoneos;
				SWIFT_COMPILATION_MODE = wholemodule;
				SWIFT_OPTIMIZATION_LEVEL = "-O";
				VALIDATE_PRODUCT = YES;
			};
			name = Release;
		};
		B9795E912731C41400FCD288 /* Debug */ = {
			isa = XCBuildConfiguration;
			buildSettings = {
				ASSETCATALOG_COMPILER_APPICON_NAME = AppIcon;
				ASSETCATALOG_COMPILER_GLOBAL_ACCENT_COLOR_NAME = AccentColor;
				CODE_SIGN_STYLE = Automatic;
				CURRENT_PROJECT_VERSION = 1;
				DEVELOPMENT_TEAM = MS78PW2U6D;
				GENERATE_INFOPLIST_FILE = YES;
				INFOPLIST_FILE = covid19/Info.plist;
				INFOPLIST_KEY_UIApplicationSupportsIndirectInputEvents = YES;
				INFOPLIST_KEY_UILaunchStoryboardName = LaunchScreen;
				INFOPLIST_KEY_UIMainStoryboardFile = Welcome;
				INFOPLIST_KEY_UISupportedInterfaceOrientations = UIInterfaceOrientationPortrait;
				INFOPLIST_KEY_UISupportedInterfaceOrientations_iPad = "UIInterfaceOrientationPortrait UIInterfaceOrientationPortraitUpsideDown UIInterfaceOrientationLandscapeLeft UIInterfaceOrientationLandscapeRight";
				INFOPLIST_KEY_UISupportedInterfaceOrientations_iPhone = "UIInterfaceOrientationPortrait UIInterfaceOrientationLandscapeLeft UIInterfaceOrientationLandscapeRight";
				IPHONEOS_DEPLOYMENT_TARGET = 15.0;
				LD_RUNPATH_SEARCH_PATHS = (
					"$(inherited)",
					"@executable_path/Frameworks",
				);
				MARKETING_VERSION = 1.0;
				PRODUCT_BUNDLE_IDENTIFIER = com.zseckin.covid19;
				PRODUCT_NAME = "$(TARGET_NAME)";
				SWIFT_EMIT_LOC_STRINGS = YES;
				SWIFT_VERSION = 5.0;
				TARGETED_DEVICE_FAMILY = "1,2";
			};
			name = Debug;
		};
		B9795E922731C41400FCD288 /* Release */ = {
			isa = XCBuildConfiguration;
			buildSettings = {
				ASSETCATALOG_COMPILER_APPICON_NAME = AppIcon;
				ASSETCATALOG_COMPILER_GLOBAL_ACCENT_COLOR_NAME = AccentColor;
				CODE_SIGN_STYLE = Automatic;
				CURRENT_PROJECT_VERSION = 1;
				DEVELOPMENT_TEAM = MS78PW2U6D;
				GENERATE_INFOPLIST_FILE = YES;
				INFOPLIST_FILE = covid19/Info.plist;
				INFOPLIST_KEY_UIApplicationSupportsIndirectInputEvents = YES;
				INFOPLIST_KEY_UILaunchStoryboardName = LaunchScreen;
				INFOPLIST_KEY_UIMainStoryboardFile = Welcome;
				INFOPLIST_KEY_UISupportedInterfaceOrientations = UIInterfaceOrientationPortrait;
				INFOPLIST_KEY_UISupportedInterfaceOrientations_iPad = "UIInterfaceOrientationPortrait UIInterfaceOrientationPortraitUpsideDown UIInterfaceOrientationLandscapeLeft UIInterfaceOrientationLandscapeRight";
				INFOPLIST_KEY_UISupportedInterfaceOrientations_iPhone = "UIInterfaceOrientationPortrait UIInterfaceOrientationLandscapeLeft UIInterfaceOrientationLandscapeRight";
				IPHONEOS_DEPLOYMENT_TARGET = 15.0;
				LD_RUNPATH_SEARCH_PATHS = (
					"$(inherited)",
					"@executable_path/Frameworks",
				);
				MARKETING_VERSION = 1.0;
				PRODUCT_BUNDLE_IDENTIFIER = com.zseckin.covid19;
				PRODUCT_NAME = "$(TARGET_NAME)";
				SWIFT_EMIT_LOC_STRINGS = YES;
				SWIFT_VERSION = 5.0;
				TARGETED_DEVICE_FAMILY = "1,2";
			};
			name = Release;
		};
		B9795E942731C41400FCD288 /* Debug */ = {
			isa = XCBuildConfiguration;
			buildSettings = {
				ALWAYS_EMBED_SWIFT_STANDARD_LIBRARIES = YES;
				BUNDLE_LOADER = "$(TEST_HOST)";
				CODE_SIGN_STYLE = Automatic;
				CURRENT_PROJECT_VERSION = 1;
				DEVELOPMENT_TEAM = MS78PW2U6D;
				GENERATE_INFOPLIST_FILE = YES;
				IPHONEOS_DEPLOYMENT_TARGET = 15.0;
				LD_RUNPATH_SEARCH_PATHS = (
					"$(inherited)",
					"@executable_path/Frameworks",
					"@loader_path/Frameworks",
				);
				MARKETING_VERSION = 1.0;
				PRODUCT_BUNDLE_IDENTIFIER = com.zseckin.covid19Tests;
				PRODUCT_NAME = "$(TARGET_NAME)";
				SWIFT_EMIT_LOC_STRINGS = NO;
				SWIFT_VERSION = 5.0;
				TARGETED_DEVICE_FAMILY = "1,2";
				TEST_HOST = "$(BUILT_PRODUCTS_DIR)/covid19.app/covid19";
			};
			name = Debug;
		};
		B9795E952731C41400FCD288 /* Release */ = {
			isa = XCBuildConfiguration;
			buildSettings = {
				ALWAYS_EMBED_SWIFT_STANDARD_LIBRARIES = YES;
				BUNDLE_LOADER = "$(TEST_HOST)";
				CODE_SIGN_STYLE = Automatic;
				CURRENT_PROJECT_VERSION = 1;
				DEVELOPMENT_TEAM = MS78PW2U6D;
				GENERATE_INFOPLIST_FILE = YES;
				IPHONEOS_DEPLOYMENT_TARGET = 15.0;
				LD_RUNPATH_SEARCH_PATHS = (
					"$(inherited)",
					"@executable_path/Frameworks",
					"@loader_path/Frameworks",
				);
				MARKETING_VERSION = 1.0;
				PRODUCT_BUNDLE_IDENTIFIER = com.zseckin.covid19Tests;
				PRODUCT_NAME = "$(TARGET_NAME)";
				SWIFT_EMIT_LOC_STRINGS = NO;
				SWIFT_VERSION = 5.0;
				TARGETED_DEVICE_FAMILY = "1,2";
				TEST_HOST = "$(BUILT_PRODUCTS_DIR)/covid19.app/covid19";
			};
			name = Release;
		};
		B9795E972731C41400FCD288 /* Debug */ = {
			isa = XCBuildConfiguration;
			buildSettings = {
				ALWAYS_EMBED_SWIFT_STANDARD_LIBRARIES = YES;
				CODE_SIGN_STYLE = Automatic;
				CURRENT_PROJECT_VERSION = 1;
				DEVELOPMENT_TEAM = MS78PW2U6D;
				GENERATE_INFOPLIST_FILE = YES;
				LD_RUNPATH_SEARCH_PATHS = (
					"$(inherited)",
					"@executable_path/Frameworks",
					"@loader_path/Frameworks",
				);
				MARKETING_VERSION = 1.0;
				PRODUCT_BUNDLE_IDENTIFIER = com.zseckin.covid19UITests;
				PRODUCT_NAME = "$(TARGET_NAME)";
				SWIFT_EMIT_LOC_STRINGS = NO;
				SWIFT_VERSION = 5.0;
				TARGETED_DEVICE_FAMILY = "1,2";
				TEST_TARGET_NAME = covid19;
			};
			name = Debug;
		};
		B9795E982731C41400FCD288 /* Release */ = {
			isa = XCBuildConfiguration;
			buildSettings = {
				ALWAYS_EMBED_SWIFT_STANDARD_LIBRARIES = YES;
				CODE_SIGN_STYLE = Automatic;
				CURRENT_PROJECT_VERSION = 1;
				DEVELOPMENT_TEAM = MS78PW2U6D;
				GENERATE_INFOPLIST_FILE = YES;
				LD_RUNPATH_SEARCH_PATHS = (
					"$(inherited)",
					"@executable_path/Frameworks",
					"@loader_path/Frameworks",
				);
				MARKETING_VERSION = 1.0;
				PRODUCT_BUNDLE_IDENTIFIER = com.zseckin.covid19UITests;
				PRODUCT_NAME = "$(TARGET_NAME)";
				SWIFT_EMIT_LOC_STRINGS = NO;
				SWIFT_VERSION = 5.0;
				TARGETED_DEVICE_FAMILY = "1,2";
				TEST_TARGET_NAME = covid19;
			};
			name = Release;
		};
/* End XCBuildConfiguration section */

/* Begin XCConfigurationList section */
		B9795E612731C41300FCD288 /* Build configuration list for PBXProject "covid19" */ = {
			isa = XCConfigurationList;
			buildConfigurations = (
				B9795E8E2731C41400FCD288 /* Debug */,
				B9795E8F2731C41400FCD288 /* Release */,
			);
			defaultConfigurationIsVisible = 0;
			defaultConfigurationName = Release;
		};
		B9795E902731C41400FCD288 /* Build configuration list for PBXNativeTarget "covid19" */ = {
			isa = XCConfigurationList;
			buildConfigurations = (
				B9795E912731C41400FCD288 /* Debug */,
				B9795E922731C41400FCD288 /* Release */,
			);
			defaultConfigurationIsVisible = 0;
			defaultConfigurationName = Release;
		};
		B9795E932731C41400FCD288 /* Build configuration list for PBXNativeTarget "covid19Tests" */ = {
			isa = XCConfigurationList;
			buildConfigurations = (
				B9795E942731C41400FCD288 /* Debug */,
				B9795E952731C41400FCD288 /* Release */,
			);
			defaultConfigurationIsVisible = 0;
			defaultConfigurationName = Release;
		};
		B9795E962731C41400FCD288 /* Build configuration list for PBXNativeTarget "covid19UITests" */ = {
			isa = XCConfigurationList;
			buildConfigurations = (
				B9795E972731C41400FCD288 /* Debug */,
				B9795E982731C41400FCD288 /* Release */,
			);
			defaultConfigurationIsVisible = 0;
			defaultConfigurationName = Release;
		};
/* End XCConfigurationList section */

/* Begin XCRemoteSwiftPackageReference section */
		B9795E992731C68100FCD288 /* XCRemoteSwiftPackageReference "lottie-ios" */ = {
			isa = XCRemoteSwiftPackageReference;
			repositoryURL = "https://github.com/airbnb/lottie-ios";
			requirement = {
				kind = upToNextMajorVersion;
				minimumVersion = 3.0.0;
			};
		};
		B9C0E19A2732BE0400E397B5 /* XCRemoteSwiftPackageReference "Alamofire" */ = {
			isa = XCRemoteSwiftPackageReference;
			repositoryURL = "https://github.com/Alamofire/Alamofire.git";
			requirement = {
				kind = upToNextMajorVersion;
				minimumVersion = 5.0.0;
			};
		};
		B9D43FEC27340591008129B8 /* XCRemoteSwiftPackageReference "SDWebImage" */ = {
			isa = XCRemoteSwiftPackageReference;
			repositoryURL = "https://github.com/SDWebImage/SDWebImage.git";
			requirement = {
				kind = upToNextMajorVersion;
				minimumVersion = 5.0.0;
			};
		};
/* End XCRemoteSwiftPackageReference section */

/* Begin XCSwiftPackageProductDependency section */
		B9795E9A2731C68100FCD288 /* Lottie */ = {
			isa = XCSwiftPackageProductDependency;
			package = B9795E992731C68100FCD288 /* XCRemoteSwiftPackageReference "lottie-ios" */;
			productName = Lottie;
		};
		B9C0E19B2732BE0400E397B5 /* Alamofire */ = {
			isa = XCSwiftPackageProductDependency;
			package = B9C0E19A2732BE0400E397B5 /* XCRemoteSwiftPackageReference "Alamofire" */;
			productName = Alamofire;
		};
		B9D43FED27340591008129B8 /* SDWebImage */ = {
			isa = XCSwiftPackageProductDependency;
			package = B9D43FEC27340591008129B8 /* XCRemoteSwiftPackageReference "SDWebImage" */;
			productName = SDWebImage;
		};
/* End XCSwiftPackageProductDependency section */
	};
	rootObject = B9795E5E2731C41300FCD288 /* Project object */;
}
